
Microsoft Visual Studio Solution File, Format Version 12.00
# Visual Studio 2012
Project("{FAE04EC0-301F-11D3-BF4B-00C04F79EFBC}") = "mongoDB4.net.HelloMongo", "mongoDB4.net.HelloMongo\mongoDB4.net.HelloMongo.csproj", "{7F9DF41C-8DC2-476F-B477-486452C92FA9}"
EndProject
Global
	GlobalSection(SolutionConfigurationPlatforms) = preSolution
		Debug|Any CPU = Debug|Any CPU
		Release|Any CPU = Release|Any CPU
	EndGlobalSection
	GlobalSection(ProjectConfigurationPlatforms) = postSolution
		{7F9DF41C-8DC2-476F-B477-486452C92FA9}.Debug|Any CPU.ActiveCfg = Debug|Any CPU
		{7F9DF41C-8DC2-476F-B477-486452C92FA9}.Debug|Any CPU.Build.0 = Debug|Any CPU
		{7F9DF41C-8DC2-476F-B477-486452C92FA9}.Release|Any CPU.ActiveCfg = Release|Any CPU
		{7F9DF41C-8DC2-476F-B477-486452C92FA9}.Release|Any CPU.Build.0 = Release|Any CPU
	EndGlobalSection
	GlobalSection(SolutionProperties) = preSolution
		HideSolutionNode = FALSE
	EndGlobalSection
EndGlobal
